// !$*UTF8*$!
{
	archiveVersion = 1;
	classes = {
	};
	objectVersion = 56;
	objects = {

/* Begin PBXBuildFile section */
		7B098DDF2B0E8DB300447CB3 /* ZeroDayChessMasterApp.swift in Sources */ = {isa = PBXBuildFile; fileRef = 7B098DDE2B0E8DB300447CB3 /* ZeroDayChessMasterApp.swift */; };
		7B098DE12B0E8DB300447CB3 /* ChessboardView.swift in Sources */ = {isa = PBXBuildFile; fileRef = 7B098DE02B0E8DB300447CB3 /* ChessboardView.swift */; };
		7B098DE52B0E8DB500447CB3 /* Assets.xcassets in Resources */ = {isa = PBXBuildFile; fileRef = 7B098DE42B0E8DB500447CB3 /* Assets.xcassets */; };
		7B098DE82B0E8DB500447CB3 /* Preview Assets.xcassets in Resources */ = {isa = PBXBuildFile; fileRef = 7B098DE72B0E8DB500447CB3 /* Preview Assets.xcassets */; };
		7B098DEF2B0E8F0B00447CB3 /* ChessPiece.swift in Sources */ = {isa = PBXBuildFile; fileRef = 7B098DEE2B0E8F0B00447CB3 /* ChessPiece.swift */; };
		7B098DF22B0E936600447CB3 /* ChessBoard.swift in Sources */ = {isa = PBXBuildFile; fileRef = 7B098DF12B0E936600447CB3 /* ChessBoard.swift */; };
		7B098DF42B0EB25800447CB3 /* NetworkManager.swift in Sources */ = {isa = PBXBuildFile; fileRef = 7B098DF32B0EB25800447CB3 /* NetworkManager.swift */; };
		7B098DF62B0EB49D00447CB3 /* APIKeys.plist in Resources */ = {isa = PBXBuildFile; fileRef = 7B098DF52B0EB49D00447CB3 /* APIKeys.plist */; };
		7B098DF82B0EB4FA00447CB3 /* APIResponse.swift in Sources */ = {isa = PBXBuildFile; fileRef = 7B098DF72B0EB4FA00447CB3 /* APIResponse.swift */; };
		7B098DFA2B0EB5A800447CB3 /* ChessBoardViewModel.swift in Sources */ = {isa = PBXBuildFile; fileRef = 7B098DF92B0EB5A800447CB3 /* ChessBoardViewModel.swift */; };
		7B4E64682B104E2C00FAFB5F /* ChessSquareView.swift in Sources */ = {isa = PBXBuildFile; fileRef = 7B4E64672B104E2C00FAFB5F /* ChessSquareView.swift */; };
/* End PBXBuildFile section */

/* Begin PBXFileReference section */
		7B098DDB2B0E8DB300447CB3 /* ZeroDayChessMaster.app */ = {isa = PBXFileReference; explicitFileType = wrapper.application; includeInIndex = 0; path = ZeroDayChessMaster.app; sourceTree = BUILT_PRODUCTS_DIR; };
		7B098DDE2B0E8DB300447CB3 /* ZeroDayChessMasterApp.swift */ = {isa = PBXFileReference; lastKnownFileType = sourcecode.swift; path = ZeroDayChessMasterApp.swift; sourceTree = "<group>"; };
		7B098DE02B0E8DB300447CB3 /* ChessboardView.swift */ = {isa = PBXFileReference; lastKnownFileType = sourcecode.swift; path = ChessboardView.swift; sourceTree = "<group>"; };
		7B098DE42B0E8DB500447CB3 /* Assets.xcassets */ = {isa = PBXFileReference; lastKnownFileType = folder.assetcatalog; path = Assets.xcassets; sourceTree = "<group>"; };
		7B098DE72B0E8DB500447CB3 /* Preview Assets.xcassets */ = {isa = PBXFileReference; lastKnownFileType = folder.assetcatalog; path = "Preview Assets.xcassets"; sourceTree = "<group>"; };
		7B098DEE2B0E8F0B00447CB3 /* ChessPiece.swift */ = {isa = PBXFileReference; lastKnownFileType = sourcecode.swift; path = ChessPiece.swift; sourceTree = "<group>"; };
		7B098DF12B0E936600447CB3 /* ChessBoard.swift */ = {isa = PBXFileReference; lastKnownFileType = sourcecode.swift; path = ChessBoard.swift; sourceTree = "<group>"; };
		7B098DF32B0EB25800447CB3 /* NetworkManager.swift */ = {isa = PBXFileReference; lastKnownFileType = sourcecode.swift; path = NetworkManager.swift; sourceTree = "<group>"; };
		7B098DF52B0EB49D00447CB3 /* APIKeys.plist */ = {isa = PBXFileReference; lastKnownFileType = text.plist.xml; path = APIKeys.plist; sourceTree = "<group>"; };
		7B098DF72B0EB4FA00447CB3 /* APIResponse.swift */ = {isa = PBXFileReference; lastKnownFileType = sourcecode.swift; path = APIResponse.swift; sourceTree = "<group>"; };
		7B098DF92B0EB5A800447CB3 /* ChessBoardViewModel.swift */ = {isa = PBXFileReference; lastKnownFileType = sourcecode.swift; path = ChessBoardViewModel.swift; sourceTree = "<group>"; };
		7B4E64672B104E2C00FAFB5F /* ChessSquareView.swift */ = {isa = PBXFileReference; lastKnownFileType = sourcecode.swift; path = ChessSquareView.swift; sourceTree = "<group>"; };
/* End PBXFileReference section */

/* Begin PBXFrameworksBuildPhase section */
		7B098DD82B0E8DB300447CB3 /* Frameworks */ = {
			isa = PBXFrameworksBuildPhase;
			buildActionMask = 2147483647;
			files = (
			);
			runOnlyForDeploymentPostprocessing = 0;
		};
/* End PBXFrameworksBuildPhase section */

/* Begin PBXGroup section */
		7B098DD22B0E8DB300447CB3 = {
			isa = PBXGroup;
			children = (
				7B098DDD2B0E8DB300447CB3 /* ZeroDayChessMaster */,
				7B098DDC2B0E8DB300447CB3 /* Products */,
			);
			sourceTree = "<group>";
		};
		7B098DDC2B0E8DB300447CB3 /* Products */ = {
			isa = PBXGroup;
			children = (
				7B098DDB2B0E8DB300447CB3 /* ZeroDayChessMaster.app */,
			);
			name = Products;
			sourceTree = "<group>";
		};
		7B098DDD2B0E8DB300447CB3 /* ZeroDayChessMaster */ = {
			isa = PBXGroup;
			children = (
				7B098DDE2B0E8DB300447CB3 /* ZeroDayChessMasterApp.swift */,
				7BB4DE9B2B140A930023A47C /* Helpers */,
				7BB4DE9A2B140A6F0023A47C /* ViewModels */,
				7B098DF02B0E8F1000447CB3 /* Models */,
				7B4E64692B106D4900FAFB5F /* Views */,
				7B098DF52B0EB49D00447CB3 /* APIKeys.plist */,
				7B098DE42B0E8DB500447CB3 /* Assets.xcassets */,
				7B098DE62B0E8DB500447CB3 /* Preview Content */,
			);
			path = ZeroDayChessMaster;
			sourceTree = "<group>";
		};
		7B098DE62B0E8DB500447CB3 /* Preview Content */ = {
			isa = PBXGroup;
			children = (
				7B098DE72B0E8DB500447CB3 /* Preview Assets.xcassets */,
			);
			path = "Preview Content";
			sourceTree = "<group>";
		};
		7B098DF02B0E8F1000447CB3 /* Models */ = {
			isa = PBXGroup;
			children = (
				7B098DEE2B0E8F0B00447CB3 /* ChessPiece.swift */,
				7B098DF12B0E936600447CB3 /* ChessBoard.swift */,
			);
			path = Models;
			sourceTree = "<group>";
		};
		7B4E64692B106D4900FAFB5F /* Views */ = {
			isa = PBXGroup;
			children = (
				7B098DE02B0E8DB300447CB3 /* ChessboardView.swift */,
				7B4E64672B104E2C00FAFB5F /* ChessSquareView.swift */,
			);
			path = Views;
			sourceTree = "<group>";
		};
		7BB4DE9A2B140A6F0023A47C /* ViewModels */ = {
			isa = PBXGroup;
			children = (
				7B098DF92B0EB5A800447CB3 /* ChessBoardViewModel.swift */,
			);
			path = ViewModels;
			sourceTree = "<group>";
		};
		7BB4DE9B2B140A930023A47C /* Helpers */ = {
			isa = PBXGroup;
			children = (
				7B098DF32B0EB25800447CB3 /* NetworkManager.swift */,
				7B098DF72B0EB4FA00447CB3 /* APIResponse.swift */,
			);
			path = Helpers;
			sourceTree = "<group>";
		};
/* End PBXGroup section */

/* Begin PBXNativeTarget section */
		7B098DDA2B0E8DB300447CB3 /* ZeroDayChessMaster */ = {
			isa = PBXNativeTarget;
			buildConfigurationList = 7B098DEB2B0E8DB500447CB3 /* Build configuration list for PBXNativeTarget "ZeroDayChessMaster" */;
			buildPhases = (
				7B098DD72B0E8DB300447CB3 /* Sources */,
				7B098DD82B0E8DB300447CB3 /* Frameworks */,
				7B098DD92B0E8DB300447CB3 /* Resources */,
			);
			buildRules = (
			);
			dependencies = (
			);
			name = ZeroDayChessMaster;
			productName = ZeroDayChessMaster;
			productReference = 7B098DDB2B0E8DB300447CB3 /* ZeroDayChessMaster.app */;
			productType = "com.apple.product-type.application";
		};
/* End PBXNativeTarget section */

/* Begin PBXProject section */
		7B098DD32B0E8DB300447CB3 /* Project object */ = {
			isa = PBXProject;
			attributes = {
				BuildIndependentTargetsInParallel = 1;
				LastSwiftUpdateCheck = 1500;
				LastUpgradeCheck = 1500;
				TargetAttributes = {
					7B098DDA2B0E8DB300447CB3 = {
						CreatedOnToolsVersion = 15.0.1;
					};
				};
			};
			buildConfigurationList = 7B098DD62B0E8DB300447CB3 /* Build configuration list for PBXProject "ZeroDayChessMaster" */;
			compatibilityVersion = "Xcode 14.0";
			developmentRegion = en;
			hasScannedForEncodings = 0;
			knownRegions = (
				en,
				Base,
			);
			mainGroup = 7B098DD22B0E8DB300447CB3;
			productRefGroup = 7B098DDC2B0E8DB300447CB3 /* Products */;
			projectDirPath = "";
			projectRoot = "";
			targets = (
				7B098DDA2B0E8DB300447CB3 /* ZeroDayChessMaster */,
			);
		};
/* End PBXProject section */

/* Begin PBXResourcesBuildPhase section */
		7B098DD92B0E8DB300447CB3 /* Resources */ = {
			isa = PBXResourcesBuildPhase;
			buildActionMask = 2147483647;
			files = (
				7B098DF62B0EB49D00447CB3 /* APIKeys.plist in Resources */,
				7B098DE82B0E8DB500447CB3 /* Preview Assets.xcassets in Resources */,
				7B098DE52B0E8DB500447CB3 /* Assets.xcassets in Resources */,
			);
			runOnlyForDeploymentPostprocessing = 0;
		};
/* End PBXResourcesBuildPhase section */

/* Begin PBXSourcesBuildPhase section */
		7B098DD72B0E8DB300447CB3 /* Sources */ = {
			isa = PBXSourcesBuildPhase;
			buildActionMask = 2147483647;
			files = (
				7B098DF82B0EB4FA00447CB3 /* APIResponse.swift in Sources */,
				7B098DF42B0EB25800447CB3 /* NetworkManager.swift in Sources */,
				7B098DE12B0E8DB300447CB3 /* ChessboardView.swift in Sources */,
				7B4E64682B104E2C00FAFB5F /* ChessSquareView.swift in Sources */,
				7B098DDF2B0E8DB300447CB3 /* ZeroDayChessMasterApp.swift in Sources */,
				7B098DEF2B0E8F0B00447CB3 /* ChessPiece.swift in Sources */,
				7B098DFA2B0EB5A800447CB3 /* ChessBoardViewModel.swift in Sources */,
				7B098DF22B0E936600447CB3 /* ChessBoard.swift in Sources */,
			);
			runOnlyForDeploymentPostprocessing = 0;
		};
/* End PBXSourcesBuildPhase section */

/* Begin XCBuildConfiguration section */
		7B098DE92B0E8DB500447CB3 /* Debug */ = {
			isa = XCBuildConfiguration;
			buildSettings = {
				ALWAYS_SEARCH_USER_PATHS = NO;
				ASSETCATALOG_COMPILER_GENERATE_SWIFT_ASSET_SYMBOL_EXTENSIONS = YES;
				CLANG_ANALYZER_NONNULL = YES;
				CLANG_ANALYZER_NUMBER_OBJECT_CONVERSION = YES_AGGRESSIVE;
				CLANG_CXX_LANGUAGE_STANDARD = "gnu++20";
				CLANG_ENABLE_MODULES = YES;
				CLANG_ENABLE_OBJC_ARC = YES;
				CLANG_ENABLE_OBJC_WEAK = YES;
				CLANG_WARN_BLOCK_CAPTURE_AUTORELEASING = YES;
				CLANG_WARN_BOOL_CONVERSION = YES;
				CLANG_WARN_COMMA = YES;
				CLANG_WARN_CONSTANT_CONVERSION = YES;
				CLANG_WARN_DEPRECATED_OBJC_IMPLEMENTATIONS = YES;
				CLANG_WARN_DIRECT_OBJC_ISA_USAGE = YES_ERROR;
				CLANG_WARN_DOCUMENTATION_COMMENTS = YES;
				CLANG_WARN_EMPTY_BODY = YES;
				CLANG_WARN_ENUM_CONVERSION = YES;
				CLANG_WARN_INFINITE_RECURSION = YES;
				CLANG_WARN_INT_CONVERSION = YES;
				CLANG_WARN_NON_LITERAL_NULL_CONVERSION = YES;
				CLANG_WARN_OBJC_IMPLICIT_RETAIN_SELF = YES;
				CLANG_WARN_OBJC_LITERAL_CONVERSION = YES;
				CLANG_WARN_OBJC_ROOT_CLASS = YES_ERROR;
				CLANG_WARN_QUOTED_INCLUDE_IN_FRAMEWORK_HEADER = YES;
				CLANG_WARN_RANGE_LOOP_ANALYSIS = YES;
				CLANG_WARN_STRICT_PROTOTYPES = YES;
				CLANG_WARN_SUSPICIOUS_MOVE = YES;
				CLANG_WARN_UNGUARDED_AVAILABILITY = YES_AGGRESSIVE;
				CLANG_WARN_UNREACHABLE_CODE = YES;
				CLANG_WARN__DUPLICATE_METHOD_MATCH = YES;
				COPY_PHASE_STRIP = NO;
				DEBUG_INFORMATION_FORMAT = dwarf;
				ENABLE_STRICT_OBJC_MSGSEND = YES;
				ENABLE_TESTABILITY = YES;
				ENABLE_USER_SCRIPT_SANDBOXING = YES;
				GCC_C_LANGUAGE_STANDARD = gnu17;
				GCC_DYNAMIC_NO_PIC = NO;
				GCC_NO_COMMON_BLOCKS = YES;
				GCC_OPTIMIZATION_LEVEL = 0;
				GCC_PREPROCESSOR_DEFINITIONS = (
					"DEBUG=1",
					"$(inherited)",
				);
				GCC_WARN_64_TO_32_BIT_CONVERSION = YES;
				GCC_WARN_ABOUT_RETURN_TYPE = YES_ERROR;
				GCC_WARN_UNDECLARED_SELECTOR = YES;
				GCC_WARN_UNINITIALIZED_AUTOS = YES_AGGRESSIVE;
				GCC_WARN_UNUSED_FUNCTION = YES;
				GCC_WARN_UNUSED_VARIABLE = YES;
				IPHONEOS_DEPLOYMENT_TARGET = 17.0;
				LOCALIZATION_PREFERS_STRING_CATALOGS = YES;
				MTL_ENABLE_DEBUG_INFO = INCLUDE_SOURCE;
				MTL_FAST_MATH = YES;
				ONLY_ACTIVE_ARCH = YES;
				SDKROOT = iphoneos;
				SWIFT_ACTIVE_COMPILATION_CONDITIONS = "DEBUG $(inherited)";
				SWIFT_OPTIMIZATION_LEVEL = "-Onone";
			};
			name = Debug;
		};
		7B098DEA2B0E8DB500447CB3 /* Release */ = {
			isa = XCBuildConfiguration;
			buildSettings = {
				ALWAYS_SEARCH_USER_PATHS = NO;
				ASSETCATALOG_COMPILER_GENERATE_SWIFT_ASSET_SYMBOL_EXTENSIONS = YES;
				CLANG_ANALYZER_NONNULL = YES;
				CLANG_ANALYZER_NUMBER_OBJECT_CONVERSION = YES_AGGRESSIVE;
				CLANG_CXX_LANGUAGE_STANDARD = "gnu++20";
				CLANG_ENABLE_MODULES = YES;
				CLANG_ENABLE_OBJC_ARC = YES;
				CLANG_ENABLE_OBJC_WEAK = YES;
				CLANG_WARN_BLOCK_CAPTURE_AUTORELEASING = YES;
				CLANG_WARN_BOOL_CONVERSION = YES;
				CLANG_WARN_COMMA = YES;
				CLANG_WARN_CONSTANT_CONVERSION = YES;
				CLANG_WARN_DEPRECATED_OBJC_IMPLEMENTATIONS = YES;
				CLANG_WARN_DIRECT_OBJC_ISA_USAGE = YES_ERROR;
				CLANG_WARN_DOCUMENTATION_COMMENTS = YES;
				CLANG_WARN_EMPTY_BODY = YES;
				CLANG_WARN_ENUM_CONVERSION = YES;
				CLANG_WARN_INFINITE_RECURSION = YES;
				CLANG_WARN_INT_CONVERSION = YES;
				CLANG_WARN_NON_LITERAL_NULL_CONVERSION = YES;
				CLANG_WARN_OBJC_IMPLICIT_RETAIN_SELF = YES;
				CLANG_WARN_OBJC_LITERAL_CONVERSION = YES;
				CLANG_WARN_OBJC_ROOT_CLASS = YES_ERROR;
				CLANG_WARN_QUOTED_INCLUDE_IN_FRAMEWORK_HEADER = YES;
				CLANG_WARN_RANGE_LOOP_ANALYSIS = YES;
				CLANG_WARN_STRICT_PROTOTYPES = YES;
				CLANG_WARN_SUSPICIOUS_MOVE = YES;
				CLANG_WARN_UNGUARDED_AVAILABILITY = YES_AGGRESSIVE;
				CLANG_WARN_UNREACHABLE_CODE = YES;
				CLANG_WARN__DUPLICATE_METHOD_MATCH = YES;
				COPY_PHASE_STRIP = NO;
				DEBUG_INFORMATION_FORMAT = "dwarf-with-dsym";
				ENABLE_NS_ASSERTIONS = NO;
				ENABLE_STRICT_OBJC_MSGSEND = YES;
				ENABLE_USER_SCRIPT_SANDBOXING = YES;
				GCC_C_LANGUAGE_STANDARD = gnu17;
				GCC_NO_COMMON_BLOCKS = YES;
				GCC_WARN_64_TO_32_BIT_CONVERSION = YES;
				GCC_WARN_ABOUT_RETURN_TYPE = YES_ERROR;
				GCC_WARN_UNDECLARED_SELECTOR = YES;
				GCC_WARN_UNINITIALIZED_AUTOS = YES_AGGRESSIVE;
				GCC_WARN_UNUSED_FUNCTION = YES;
				GCC_WARN_UNUSED_VARIABLE = YES;
				IPHONEOS_DEPLOYMENT_TARGET = 17.0;
				LOCALIZATION_PREFERS_STRING_CATALOGS = YES;
				MTL_ENABLE_DEBUG_INFO = NO;
				MTL_FAST_MATH = YES;
				SDKROOT = iphoneos;
				SWIFT_COMPILATION_MODE = wholemodule;
				VALIDATE_PRODUCT = YES;
			};
			name = Release;
		};
		7B098DEC2B0E8DB500447CB3 /* Debug */ = {
			isa = XCBuildConfiguration;
			buildSettings = {
				ASSETCATALOG_COMPILER_APPICON_NAME = AppIcon;
				ASSETCATALOG_COMPILER_GLOBAL_ACCENT_COLOR_NAME = AccentColor;
				CODE_SIGN_STYLE = Automatic;
				CURRENT_PROJECT_VERSION = 1;
				DEVELOPMENT_ASSET_PATHS = "\"ZeroDayChessMaster/Preview Content\"";
				DEVELOPMENT_TEAM = 62RA2G4HF7;
				ENABLE_PREVIEWS = YES;
				GENERATE_INFOPLIST_FILE = YES;
				INFOPLIST_KEY_UIApplicationSceneManifest_Generation = YES;
				INFOPLIST_KEY_UIApplicationSupportsIndirectInputEvents = YES;
				INFOPLIST_KEY_UILaunchScreen_Generation = YES;
				INFOPLIST_KEY_UISupportedInterfaceOrientations_iPad = "UIInterfaceOrientationPortrait UIInterfaceOrientationPortraitUpsideDown UIInterfaceOrientationLandscapeLeft UIInterfaceOrientationLandscapeRight";
				INFOPLIST_KEY_UISupportedInterfaceOrientations_iPhone = "UIInterfaceOrientationPortrait UIInterfaceOrientationLandscapeLeft UIInterfaceOrientationLandscapeRight";
				LD_RUNPATH_SEARCH_PATHS = (
					"$(inherited)",
					"@executable_path/Frameworks",
				);
				MARKETING_VERSION = 1.0;
				PRODUCT_BUNDLE_IDENTIFIER = com.chaekwe.ZeroDayChessMaster;
				PRODUCT_NAME = "$(TARGET_NAME)";
				SWIFT_EMIT_LOC_STRINGS = YES;
				SWIFT_VERSION = 5.0;
				TARGETED_DEVICE_FAMILY = "1,2";
			};
			name = Debug;
		};
		7B098DED2B0E8DB500447CB3 /* Release */ = {
			isa = XCBuildConfiguration;
			buildSettings = {
				ASSETCATALOG_COMPILER_APPICON_NAME = AppIcon;
				ASSETCATALOG_COMPILER_GLOBAL_ACCENT_COLOR_NAME = AccentColor;
				CODE_SIGN_STYLE = Automatic;
				CURRENT_PROJECT_VERSION = 1;
				DEVELOPMENT_ASSET_PATHS = "\"ZeroDayChessMaster/Preview Content\"";
				DEVELOPMENT_TEAM = 62RA2G4HF7;
				ENABLE_PREVIEWS = YES;
				GENERATE_INFOPLIST_FILE = YES;
				INFOPLIST_KEY_UIApplicationSceneManifest_Generation = YES;
				INFOPLIST_KEY_UIApplicationSupportsIndirectInputEvents = YES;
				INFOPLIST_KEY_UILaunchScreen_Generation = YES;
				INFOPLIST_KEY_UISupportedInterfaceOrientations_iPad = "UIInterfaceOrientationPortrait UIInterfaceOrientationPortraitUpsideDown UIInterfaceOrientationLandscapeLeft UIInterfaceOrientationLandscapeRight";
				INFOPLIST_KEY_UISupportedInterfaceOrientations_iPhone = "UIInterfaceOrientationPortrait UIInterfaceOrientationLandscapeLeft UIInterfaceOrientationLandscapeRight";
				LD_RUNPATH_SEARCH_PATHS = (
					"$(inherited)",
					"@executable_path/Frameworks",
				);
				MARKETING_VERSION = 1.0;
				PRODUCT_BUNDLE_IDENTIFIER = com.chaekwe.ZeroDayChessMaster;
				PRODUCT_NAME = "$(TARGET_NAME)";
				SWIFT_EMIT_LOC_STRINGS = YES;
				SWIFT_VERSION = 5.0;
				TARGETED_DEVICE_FAMILY = "1,2";
			};
			name = Release;
		};
/* End XCBuildConfiguration section */

/* Begin XCConfigurationList section */
		7B098DD62B0E8DB300447CB3 /* Build configuration list for PBXProject "ZeroDayChessMaster" */ = {
			isa = XCConfigurationList;
			buildConfigurations = (
				7B098DE92B0E8DB500447CB3 /* Debug */,
				7B098DEA2B0E8DB500447CB3 /* Release */,
			);
			defaultConfigurationIsVisible = 0;
			defaultConfigurationName = Release;
		};
		7B098DEB2B0E8DB500447CB3 /* Build configuration list for PBXNativeTarget "ZeroDayChessMaster" */ = {
			isa = XCConfigurationList;
			buildConfigurations = (
				7B098DEC2B0E8DB500447CB3 /* Debug */,
				7B098DED2B0E8DB500447CB3 /* Release */,
			);
			defaultConfigurationIsVisible = 0;
			defaultConfigurationName = Release;
		};
/* End XCConfigurationList section */
	};
	rootObject = 7B098DD32B0E8DB300447CB3 /* Project object */;
}
